
Microsoft Visual Studio Solution File, Format Version 12.00
# Visual Studio Version 17
VisualStudioVersion = 17.6.33723.286
MinimumVisualStudioVersion = 10.0.40219.1
Project("{9A19103F-16F7-4668-BE54-9A1E7A4F7556}") = "MedCarWebApi", "MedCarWebApi\MedCarWebApi.csproj", "{696E7022-AD95-4F11-90D5-327BE9C03630}"
EndProject
Project("{9A19103F-16F7-4668-BE54-9A1E7A4F7556}") = "MedCar.Data", "MedCar.Data\MedCar.Data.csproj", "{2582B71F-0CB4-40B8-95D1-EF02D1A54B11}"
EndProject
Project("{9A19103F-16F7-4668-BE54-9A1E7A4F7556}") = "MedCar.Service", "MedCar.Service\MedCar.Service.csproj", "{7F10D11E-7867-4558-9069-17A5271A9D12}"
EndProject
Project("{FAE04EC0-301F-11D3-BF4B-00C04F79EFBC}") = "MedCar.Domin", "Domin\MedCar.Domin.csproj", "{92862831-B28D-4B39-B9EE-3E1FEB7D555B}"
EndProject
Global
	GlobalSection(SolutionConfigurationPlatforms) = preSolution
		Debug|Any CPU = Debug|Any CPU
		Release|Any CPU = Release|Any CPU
	EndGlobalSection
	GlobalSection(ProjectConfigurationPlatforms) = postSolution
		{696E7022-AD95-4F11-90D5-327BE9C03630}.Debug|Any CPU.ActiveCfg = Debug|Any CPU
		{696E7022-AD95-4F11-90D5-327BE9C03630}.Debug|Any CPU.Build.0 = Debug|Any CPU
		{696E7022-AD95-4F11-90D5-327BE9C03630}.Release|Any CPU.ActiveCfg = Release|Any CPU
		{696E7022-AD95-4F11-90D5-327BE9C03630}.Release|Any CPU.Build.0 = Release|Any CPU
		{2582B71F-0CB4-40B8-95D1-EF02D1A54B11}.Debug|Any CPU.ActiveCfg = Debug|Any CPU
		{2582B71F-0CB4-40B8-95D1-EF02D1A54B11}.Debug|Any CPU.Build.0 = Debug|Any CPU
		{2582B71F-0CB4-40B8-95D1-EF02D1A54B11}.Release|Any CPU.ActiveCfg = Release|Any CPU
		{2582B71F-0CB4-40B8-95D1-EF02D1A54B11}.Release|Any CPU.Build.0 = Release|Any CPU
		{7F10D11E-7867-4558-9069-17A5271A9D12}.Debug|Any CPU.ActiveCfg = Debug|Any CPU
		{7F10D11E-7867-4558-9069-17A5271A9D12}.Debug|Any CPU.Build.0 = Debug|Any CPU
		{7F10D11E-7867-4558-9069-17A5271A9D12}.Release|Any CPU.ActiveCfg = Release|Any CPU
		{7F10D11E-7867-4558-9069-17A5271A9D12}.Release|Any CPU.Build.0 = Release|Any CPU
		{92862831-B28D-4B39-B9EE-3E1FEB7D555B}.Debug|Any CPU.ActiveCfg = Debug|Any CPU
		{92862831-B28D-4B39-B9EE-3E1FEB7D555B}.Debug|Any CPU.Build.0 = Debug|Any CPU
		{92862831-B28D-4B39-B9EE-3E1FEB7D555B}.Release|Any CPU.ActiveCfg = Release|Any CPU
		{92862831-B28D-4B39-B9EE-3E1FEB7D555B}.Release|Any CPU.Build.0 = Release|Any CPU
	EndGlobalSection
	GlobalSection(SolutionProperties) = preSolution
		HideSolutionNode = FALSE
	EndGlobalSection
	GlobalSection(ExtensibilityGlobals) = postSolution
		SolutionGuid = {0EC93E02-82CA-4C10-9045-98088E3A3B2E}
	EndGlobalSection
EndGlobal
